
Microsoft Visual Studio Solution File, Format Version 12.00
# Visual Studio Version 17
VisualStudioVersion = 17.1.32421.90
MinimumVisualStudioVersion = 10.0.40219.1
Project("{FAE04EC0-301F-11D3-BF4B-00C04F79EFBC}") = "AspNetOne", "AspNetOne\AspNetOne.csproj", "{683B64EF-DC71-4A28-AEE5-9AA81E0364ED}"
EndProject
Global
	GlobalSection(SolutionConfigurationPlatforms) = preSolution
		Debug|Any CPU = Debug|Any CPU
		Release|Any CPU = Release|Any CPU
	EndGlobalSection
	GlobalSection(ProjectConfigurationPlatforms) = postSolution
		{683B64EF-DC71-4A28-AEE5-9AA81E0364ED}.Debug|Any CPU.ActiveCfg = Debug|Any CPU
		{683B64EF-DC71-4A28-AEE5-9AA81E0364ED}.Debug|Any CPU.Build.0 = Debug|Any CPU
		{683B64EF-DC71-4A28-AEE5-9AA81E0364ED}.Release|Any CPU.ActiveCfg = Release|Any CPU
		{683B64EF-DC71-4A28-AEE5-9AA81E0364ED}.Release|Any CPU.Build.0 = Release|Any CPU
	EndGlobalSection
	GlobalSection(SolutionProperties) = preSolution
		HideSolutionNode = FALSE
	EndGlobalSection
	GlobalSection(ExtensibilityGlobals) = postSolution
		SolutionGuid = {FDCFC52F-A954-41F2-AC75-23FE46870C1E}
	EndGlobalSection
EndGlobal
